
Microsoft Visual Studio Solution File, Format Version 12.00
# Visual Studio Version 17
VisualStudioVersion = 17.9.34728.123
MinimumVisualStudioVersion = 10.0.40219.1
Project("{9A19103F-16F7-4668-BE54-9A1E7A4F7556}") = "EWG", "EWG\EWG.csproj", "{3DBBAD4C-F919-4860-B7C9-DA2936922268}"
EndProject
Project("{54435603-DBB4-11D2-8724-00A0C9A8B90C}") = "Nutrition Calculator", "Nutrition Calculator\Nutrition Calculator.vdproj", "{C69B8EAE-02DB-4880-B4E0-E6084AAEA942}"
EndProject
Global
	GlobalSection(SolutionConfigurationPlatforms) = preSolution
		Debug|Any CPU = Debug|Any CPU
		Release|Any CPU = Release|Any CPU
	EndGlobalSection
	GlobalSection(ProjectConfigurationPlatforms) = postSolution
		{3DBBAD4C-F919-4860-B7C9-DA2936922268}.Debug|Any CPU.ActiveCfg = Debug|Any CPU
		{3DBBAD4C-F919-4860-B7C9-DA2936922268}.Debug|Any CPU.Build.0 = Debug|Any CPU
		{3DBBAD4C-F919-4860-B7C9-DA2936922268}.Release|Any CPU.ActiveCfg = Release|Any CPU
		{3DBBAD4C-F919-4860-B7C9-DA2936922268}.Release|Any CPU.Build.0 = Release|Any CPU
		{C69B8EAE-02DB-4880-B4E0-E6084AAEA942}.Debug|Any CPU.ActiveCfg = Release
		{C69B8EAE-02DB-4880-B4E0-E6084AAEA942}.Debug|Any CPU.Build.0 = Release
		{C69B8EAE-02DB-4880-B4E0-E6084AAEA942}.Release|Any CPU.ActiveCfg = Release
	EndGlobalSection
	GlobalSection(SolutionProperties) = preSolution
		HideSolutionNode = FALSE
	EndGlobalSection
	GlobalSection(ExtensibilityGlobals) = postSolution
		SolutionGuid = {3FFD4321-6554-4894-A0BC-D60A230E3C9F}
	EndGlobalSection
EndGlobal
